
Microsoft Visual Studio Solution File, Format Version 12.00
# Visual Studio Version 17
VisualStudioVersion = 17.10.34916.146
MinimumVisualStudioVersion = 10.0.40219.1
Project("{9A19103F-16F7-4668-BE54-9A1E7A4F7556}") = "KargoTakipUygulaması", "KargoTakipUygulaması.csproj", "{AF9C684B-67D9-46A1-A58B-F168F591FB95}"
EndProject
Global
	GlobalSection(SolutionConfigurationPlatforms) = preSolution
		Debug|Any CPU = Debug|Any CPU
		Release|Any CPU = Release|Any CPU
	EndGlobalSection
	GlobalSection(ProjectConfigurationPlatforms) = postSolution
		{AF9C684B-67D9-46A1-A58B-F168F591FB95}.Debug|Any CPU.ActiveCfg = Debug|Any CPU
		{AF9C684B-67D9-46A1-A58B-F168F591FB95}.Debug|Any CPU.Build.0 = Debug|Any CPU
		{AF9C684B-67D9-46A1-A58B-F168F591FB95}.Release|Any CPU.ActiveCfg = Release|Any CPU
		{AF9C684B-67D9-46A1-A58B-F168F591FB95}.Release|Any CPU.Build.0 = Release|Any CPU
	EndGlobalSection
	GlobalSection(SolutionProperties) = preSolution
		HideSolutionNode = FALSE
	EndGlobalSection
	GlobalSection(ExtensibilityGlobals) = postSolution
		SolutionGuid = {1E7FF7FA-DAA9-4939-9EDF-D704BE4CE097}
	EndGlobalSection
EndGlobal
